// !$*UTF8*$!
{
	archiveVersion = 1;
	classes = {
	};
	objectVersion = 48;
	objects = {

/* Begin PBXBuildFile section */
		1CB9A0C620A3715400A9B70C /* AppDelegate.swift in Sources */ = {isa = PBXBuildFile; fileRef = 1CB9A0C520A3715400A9B70C /* AppDelegate.swift */; };
		1CB9A0C820A3715400A9B70C /* ViewController.swift in Sources */ = {isa = PBXBuildFile; fileRef = 1CB9A0C720A3715400A9B70C /* ViewController.swift */; };
		1CB9A0CB20A3715400A9B70C /* Main.storyboard in Resources */ = {isa = PBXBuildFile; fileRef = 1CB9A0C920A3715400A9B70C /* Main.storyboard */; };
		1CB9A0CD20A3715400A9B70C /* Assets.xcassets in Resources */ = {isa = PBXBuildFile; fileRef = 1CB9A0CC20A3715400A9B70C /* Assets.xcassets */; };
		1CB9A0D020A3715400A9B70C /* LaunchScreen.storyboard in Resources */ = {isa = PBXBuildFile; fileRef = 1CB9A0CE20A3715400A9B70C /* LaunchScreen.storyboard */; };
		1CB9A0DB20A3715400A9B70C /* Lab_7Tests.swift in Sources */ = {isa = PBXBuildFile; fileRef = 1CB9A0DA20A3715400A9B70C /* Lab_7Tests.swift */; };
		1CB9A0E620A3715400A9B70C /* Lab_7UITests.swift in Sources */ = {isa = PBXBuildFile; fileRef = 1CB9A0E520A3715400A9B70C /* Lab_7UITests.swift */; };
/* End PBXBuildFile section */

/* Begin PBXContainerItemProxy section */
		1CB9A0D720A3715400A9B70C /* PBXContainerItemProxy */ = {
			isa = PBXContainerItemProxy;
			containerPortal = 1CB9A0BA20A3715300A9B70C /* Project object */;
			proxyType = 1;
			remoteGlobalIDString = 1CB9A0C120A3715400A9B70C;
			remoteInfo = "Lab 7";
		};
		1CB9A0E220A3715400A9B70C /* PBXContainerItemProxy */ = {
			isa = PBXContainerItemProxy;
			containerPortal = 1CB9A0BA20A3715300A9B70C /* Project object */;
			proxyType = 1;
			remoteGlobalIDString = 1CB9A0C120A3715400A9B70C;
			remoteInfo = "Lab 7";
		};
/* End PBXContainerItemProxy section */

/* Begin PBXFileReference section */
		1CB9A0C220A3715400A9B70C /* Lab 7.app */ = {isa = PBXFileReference; explicitFileType = wrapper.application; includeInIndex = 0; path = "Lab 7.app"; sourceTree = BUILT_PRODUCTS_DIR; };
		1CB9A0C520A3715400A9B70C /* AppDelegate.swift */ = {isa = PBXFileReference; lastKnownFileType = sourcecode.swift; path = AppDelegate.swift; sourceTree = "<group>"; };
		1CB9A0C720A3715400A9B70C /* ViewController.swift */ = {isa = PBXFileReference; lastKnownFileType = sourcecode.swift; path = ViewController.swift; sourceTree = "<group>"; };
		1CB9A0CA20A3715400A9B70C /* Base */ = {isa = PBXFileReference; lastKnownFileType = file.storyboard; name = Base; path = Base.lproj/Main.storyboard; sourceTree = "<group>"; };
		1CB9A0CC20A3715400A9B70C /* Assets.xcassets */ = {isa = PBXFileReference; lastKnownFileType = folder.assetcatalog; path = Assets.xcassets; sourceTree = "<group>"; };
		1CB9A0CF20A3715400A9B70C /* Base */ = {isa = PBXFileReference; lastKnownFileType = file.storyboard; name = Base; path = Base.lproj/LaunchScreen.storyboard; sourceTree = "<group>"; };
		1CB9A0D120A3715400A9B70C /* Info.plist */ = {isa = PBXFileReference; lastKnownFileType = text.plist.xml; path = Info.plist; sourceTree = "<group>"; };
		1CB9A0D620A3715400A9B70C /* Lab 7Tests.xctest */ = {isa = PBXFileReference; explicitFileType = wrapper.cfbundle; includeInIndex = 0; path = "Lab 7Tests.xctest"; sourceTree = BUILT_PRODUCTS_DIR; };
		1CB9A0DA20A3715400A9B70C /* Lab_7Tests.swift */ = {isa = PBXFileReference; lastKnownFileType = sourcecode.swift; path = Lab_7Tests.swift; sourceTree = "<group>"; };
		1CB9A0DC20A3715400A9B70C /* Info.plist */ = {isa = PBXFileReference; lastKnownFileType = text.plist.xml; path = Info.plist; sourceTree = "<group>"; };
		1CB9A0E120A3715400A9B70C /* Lab 7UITests.xctest */ = {isa = PBXFileReference; explicitFileType = wrapper.cfbundle; includeInIndex = 0; path = "Lab 7UITests.xctest"; sourceTree = BUILT_PRODUCTS_DIR; };
		1CB9A0E520A3715400A9B70C /* Lab_7UITests.swift */ = {isa = PBXFileReference; lastKnownFileType = sourcecode.swift; path = Lab_7UITests.swift; sourceTree = "<group>"; };
		1CB9A0E720A3715400A9B70C /* Info.plist */ = {isa = PBXFileReference; lastKnownFileType = text.plist.xml; path = Info.plist; sourceTree = "<group>"; };
/* End PBXFileReference section */

/* Begin PBXFrameworksBuildPhase section */
		1CB9A0BF20A3715400A9B70C /* Frameworks */ = {
			isa = PBXFrameworksBuildPhase;
			buildActionMask = 2147483647;
			files = (
			);
			runOnlyForDeploymentPostprocessing = 0;
		};
		1CB9A0D320A3715400A9B70C /* Frameworks */ = {
			isa = PBXFrameworksBuildPhase;
			buildActionMask = 2147483647;
			files = (
			);
			runOnlyForDeploymentPostprocessing = 0;
		};
		1CB9A0DE20A3715400A9B70C /* Frameworks */ = {
			isa = PBXFrameworksBuildPhase;
			buildActionMask = 2147483647;
			files = (
			);
			runOnlyForDeploymentPostprocessing = 0;
		};
/* End PBXFrameworksBuildPhase section */

/* Begin PBXGroup section */
		1CB9A0B920A3715300A9B70C = {
			isa = PBXGroup;
			children = (
				1CB9A0C420A3715400A9B70C /* Lab 7 */,
				1CB9A0D920A3715400A9B70C /* Lab 7Tests */,
				1CB9A0E420A3715400A9B70C /* Lab 7UITests */,
				1CB9A0C320A3715400A9B70C /* Products */,
			);
			sourceTree = "<group>";
		};
		1CB9A0C320A3715400A9B70C /* Products */ = {
			isa = PBXGroup;
			children = (
				1CB9A0C220A3715400A9B70C /* Lab 7.app */,
				1CB9A0D620A3715400A9B70C /* Lab 7Tests.xctest */,
				1CB9A0E120A3715400A9B70C /* Lab 7UITests.xctest */,
			);
			name = Products;
			sourceTree = "<group>";
		};
		1CB9A0C420A3715400A9B70C /* Lab 7 */ = {
			isa = PBXGroup;
			children = (
				1CB9A0C520A3715400A9B70C /* AppDelegate.swift */,
				1CB9A0C720A3715400A9B70C /* ViewController.swift */,
				1CB9A0C920A3715400A9B70C /* Main.storyboard */,
				1CB9A0CC20A3715400A9B70C /* Assets.xcassets */,
				1CB9A0CE20A3715400A9B70C /* LaunchScreen.storyboard */,
				1CB9A0D120A3715400A9B70C /* Info.plist */,
			);
			path = "Lab 7";
			sourceTree = "<group>";
		};
		1CB9A0D920A3715400A9B70C /* Lab 7Tests */ = {
			isa = PBXGroup;
			children = (
				1CB9A0DA20A3715400A9B70C /* Lab_7Tests.swift */,
				1CB9A0DC20A3715400A9B70C /* Info.plist */,
			);
			path = "Lab 7Tests";
			sourceTree = "<group>";
		};
		1CB9A0E420A3715400A9B70C /* Lab 7UITests */ = {
			isa = PBXGroup;
			children = (
				1CB9A0E520A3715400A9B70C /* Lab_7UITests.swift */,
				1CB9A0E720A3715400A9B70C /* Info.plist */,
			);
			path = "Lab 7UITests";
			sourceTree = "<group>";
		};
/* End PBXGroup section */

/* Begin PBXNativeTarget section */
		1CB9A0C120A3715400A9B70C /* Lab 7 */ = {
			isa = PBXNativeTarget;
			buildConfigurationList = 1CB9A0EA20A3715400A9B70C /* Build configuration list for PBXNativeTarget "Lab 7" */;
			buildPhases = (
				1CB9A0BE20A3715400A9B70C /* Sources */,
				1CB9A0BF20A3715400A9B70C /* Frameworks */,
				1CB9A0C020A3715400A9B70C /* Resources */,
			);
			buildRules = (
			);
			dependencies = (
			);
			name = "Lab 7";
			productName = "Lab 7";
			productReference = 1CB9A0C220A3715400A9B70C /* Lab 7.app */;
			productType = "com.apple.product-type.application";
		};
		1CB9A0D520A3715400A9B70C /* Lab 7Tests */ = {
			isa = PBXNativeTarget;
			buildConfigurationList = 1CB9A0ED20A3715400A9B70C /* Build configuration list for PBXNativeTarget "Lab 7Tests" */;
			buildPhases = (
				1CB9A0D220A3715400A9B70C /* Sources */,
				1CB9A0D320A3715400A9B70C /* Frameworks */,
				1CB9A0D420A3715400A9B70C /* Resources */,
			);
			buildRules = (
			);
			dependencies = (
				1CB9A0D820A3715400A9B70C /* PBXTargetDependency */,
			);
			name = "Lab 7Tests";
			productName = "Lab 7Tests";
			productReference = 1CB9A0D620A3715400A9B70C /* Lab 7Tests.xctest */;
			productType = "com.apple.product-type.bundle.unit-test";
		};
		1CB9A0E020A3715400A9B70C /* Lab 7UITests */ = {
			isa = PBXNativeTarget;
			buildConfigurationList = 1CB9A0F020A3715400A9B70C /* Build configuration list for PBXNativeTarget "Lab 7UITests" */;
			buildPhases = (
				1CB9A0DD20A3715400A9B70C /* Sources */,
				1CB9A0DE20A3715400A9B70C /* Frameworks */,
				1CB9A0DF20A3715400A9B70C /* Resources */,
			);
			buildRules = (
			);
			dependencies = (
				1CB9A0E320A3715400A9B70C /* PBXTargetDependency */,
			);
			name = "Lab 7UITests";
			productName = "Lab 7UITests";
			productReference = 1CB9A0E120A3715400A9B70C /* Lab 7UITests.xctest */;
			productType = "com.apple.product-type.bundle.ui-testing";
		};
/* End PBXNativeTarget section */

/* Begin PBXProject section */
		1CB9A0BA20A3715300A9B70C /* Project object */ = {
			isa = PBXProject;
			attributes = {
				LastSwiftUpdateCheck = 0920;
				LastUpgradeCheck = 0920;
				ORGANIZATIONNAME = CheckoutUser;
				TargetAttributes = {
					1CB9A0C120A3715400A9B70C = {
						CreatedOnToolsVersion = 9.2;
						ProvisioningStyle = Automatic;
					};
					1CB9A0D520A3715400A9B70C = {
						CreatedOnToolsVersion = 9.2;
						ProvisioningStyle = Automatic;
						TestTargetID = 1CB9A0C120A3715400A9B70C;
					};
					1CB9A0E020A3715400A9B70C = {
						CreatedOnToolsVersion = 9.2;
						ProvisioningStyle = Automatic;
						TestTargetID = 1CB9A0C120A3715400A9B70C;
					};
				};
			};
			buildConfigurationList = 1CB9A0BD20A3715300A9B70C /* Build configuration list for PBXProject "Lab 7" */;
			compatibilityVersion = "Xcode 8.0";
			developmentRegion = en;
			hasScannedForEncodings = 0;
			knownRegions = (
				en,
				Base,
			);
			mainGroup = 1CB9A0B920A3715300A9B70C;
			productRefGroup = 1CB9A0C320A3715400A9B70C /* Products */;
			projectDirPath = "";
			projectRoot = "";
			targets = (
				1CB9A0C120A3715400A9B70C /* Lab 7 */,
				1CB9A0D520A3715400A9B70C /* Lab 7Tests */,
				1CB9A0E020A3715400A9B70C /* Lab 7UITests */,
			);
		};
/* End PBXProject section */

/* Begin PBXResourcesBuildPhase section */
		1CB9A0C020A3715400A9B70C /* Resources */ = {
			isa = PBXResourcesBuildPhase;
			buildActionMask = 2147483647;
			files = (
				1CB9A0D020A3715400A9B70C /* LaunchScreen.storyboard in Resources */,
				1CB9A0CD20A3715400A9B70C /* Assets.xcassets in Resources */,
				1CB9A0CB20A3715400A9B70C /* Main.storyboard in Resources */,
			);
			runOnlyForDeploymentPostprocessing = 0;
		};
		1CB9A0D420A3715400A9B70C /* Resources */ = {
			isa = PBXResourcesBuildPhase;
			buildActionMask = 2147483647;
			files = (
			);
			runOnlyForDeploymentPostprocessing = 0;
		};
		1CB9A0DF20A3715400A9B70C /* Resources */ = {
			isa = PBXResourcesBuildPhase;
			buildActionMask = 2147483647;
			files = (
			);
			runOnlyForDeploymentPostprocessing = 0;
		};
/* End PBXResourcesBuildPhase section */

/* Begin PBXSourcesBuildPhase section */
		1CB9A0BE20A3715400A9B70C /* Sources */ = {
			isa = PBXSourcesBuildPhase;
			buildActionMask = 2147483647;
			files = (
				1CB9A0C820A3715400A9B70C /* ViewController.swift in Sources */,
				1CB9A0C620A3715400A9B70C /* AppDelegate.swift in Sources */,
			);
			runOnlyForDeploymentPostprocessing = 0;
		};
		1CB9A0D220A3715400A9B70C /* Sources */ = {
			isa = PBXSourcesBuildPhase;
			buildActionMask = 2147483647;
			files = (
				1CB9A0DB20A3715400A9B70C /* Lab_7Tests.swift in Sources */,
			);
			runOnlyForDeploymentPostprocessing = 0;
		};
		1CB9A0DD20A3715400A9B70C /* Sources */ = {
			isa = PBXSourcesBuildPhase;
			buildActionMask = 2147483647;
			files = (
				1CB9A0E620A3715400A9B70C /* Lab_7UITests.swift in Sources */,
			);
			runOnlyForDeploymentPostprocessing = 0;
		};
/* End PBXSourcesBuildPhase section */

/* Begin PBXTargetDependency section */
		1CB9A0D820A3715400A9B70C /* PBXTargetDependency */ = {
			isa = PBXTargetDependency;
			target = 1CB9A0C120A3715400A9B70C /* Lab 7 */;
			targetProxy = 1CB9A0D720A3715400A9B70C /* PBXContainerItemProxy */;
		};
		1CB9A0E320A3715400A9B70C /* PBXTargetDependency */ = {
			isa = PBXTargetDependency;
			target = 1CB9A0C120A3715400A9B70C /* Lab 7 */;
			targetProxy = 1CB9A0E220A3715400A9B70C /* PBXContainerItemProxy */;
		};
/* End PBXTargetDependency section */

/* Begin PBXVariantGroup section */
		1CB9A0C920A3715400A9B70C /* Main.storyboard */ = {
			isa = PBXVariantGroup;
			children = (
				1CB9A0CA20A3715400A9B70C /* Base */,
			);
			name = Main.storyboard;
			sourceTree = "<group>";
		};
		1CB9A0CE20A3715400A9B70C /* LaunchScreen.storyboard */ = {
			isa = PBXVariantGroup;
			children = (
				1CB9A0CF20A3715400A9B70C /* Base */,
			);
			name = LaunchScreen.storyboard;
			sourceTree = "<group>";
		};
/* End PBXVariantGroup section */

/* Begin XCBuildConfiguration section */
		1CB9A0E820A3715400A9B70C /* Debug */ = {
			isa = XCBuildConfiguration;
			buildSettings = {
				ALWAYS_SEARCH_USER_PATHS = NO;
				CLANG_ANALYZER_NONNULL = YES;
				CLANG_ANALYZER_NUMBER_OBJECT_CONVERSION = YES_AGGRESSIVE;
				CLANG_CXX_LANGUAGE_STANDARD = "gnu++14";
				CLANG_CXX_LIBRARY = "libc++";
				CLANG_ENABLE_MODULES = YES;
				CLANG_ENABLE_OBJC_ARC = YES;
				CLANG_WARN_BLOCK_CAPTURE_AUTORELEASING = YES;
				CLANG_WARN_BOOL_CONVERSION = YES;
				CLANG_WARN_COMMA = YES;
				CLANG_WARN_CONSTANT_CONVERSION = YES;
				CLANG_WARN_DIRECT_OBJC_ISA_USAGE = YES_ERROR;
				CLANG_WARN_DOCUMENTATION_COMMENTS = YES;
				CLANG_WARN_EMPTY_BODY = YES;
				CLANG_WARN_ENUM_CONVERSION = YES;
				CLANG_WARN_INFINITE_RECURSION = YES;
				CLANG_WARN_INT_CONVERSION = YES;
				CLANG_WARN_NON_LITERAL_NULL_CONVERSION = YES;
				CLANG_WARN_OBJC_LITERAL_CONVERSION = YES;
				CLANG_WARN_OBJC_ROOT_CLASS = YES_ERROR;
				CLANG_WARN_RANGE_LOOP_ANALYSIS = YES;
				CLANG_WARN_STRICT_PROTOTYPES = YES;
				CLANG_WARN_SUSPICIOUS_MOVE = YES;
				CLANG_WARN_UNGUARDED_AVAILABILITY = YES_AGGRESSIVE;
				CLANG_WARN_UNREACHABLE_CODE = YES;
				CLANG_WARN__DUPLICATE_METHOD_MATCH = YES;
				CODE_SIGN_IDENTITY = "iPhone Developer";
				COPY_PHASE_STRIP = NO;
				DEBUG_INFORMATION_FORMAT = dwarf;
				ENABLE_STRICT_OBJC_MSGSEND = YES;
				ENABLE_TESTABILITY = YES;
				GCC_C_LANGUAGE_STANDARD = gnu11;
				GCC_DYNAMIC_NO_PIC = NO;
				GCC_NO_COMMON_BLOCKS = YES;
				GCC_OPTIMIZATION_LEVEL = 0;
				GCC_PREPROCESSOR_DEFINITIONS = (
					"DEBUG=1",
					"$(inherited)",
				);
				GCC_WARN_64_TO_32_BIT_CONVERSION = YES;
				GCC_WARN_ABOUT_RETURN_TYPE = YES_ERROR;
				GCC_WARN_UNDECLARED_SELECTOR = YES;
				GCC_WARN_UNINITIALIZED_AUTOS = YES_AGGRESSIVE;
				GCC_WARN_UNUSED_FUNCTION = YES;
				GCC_WARN_UNUSED_VARIABLE = YES;
				IPHONEOS_DEPLOYMENT_TARGET = 11.2;
				MTL_ENABLE_DEBUG_INFO = YES;
				ONLY_ACTIVE_ARCH = YES;
				SDKROOT = iphoneos;
				SWIFT_ACTIVE_COMPILATION_CONDITIONS = DEBUG;
				SWIFT_OPTIMIZATION_LEVEL = "-Onone";
			};
			name = Debug;
		};
		1CB9A0E920A3715400A9B70C /* Release */ = {
			isa = XCBuildConfiguration;
			buildSettings = {
				ALWAYS_SEARCH_USER_PATHS = NO;
				CLANG_ANALYZER_NONNULL = YES;
				CLANG_ANALYZER_NUMBER_OBJECT_CONVERSION = YES_AGGRESSIVE;
				CLANG_CXX_LANGUAGE_STANDARD = "gnu++14";
				CLANG_CXX_LIBRARY = "libc++";
				CLANG_ENABLE_MODULES = YES;
				CLANG_ENABLE_OBJC_ARC = YES;
				CLANG_WARN_BLOCK_CAPTURE_AUTORELEASING = YES;
				CLANG_WARN_BOOL_CONVERSION = YES;
				CLANG_WARN_COMMA = YES;
				CLANG_WARN_CONSTANT_CONVERSION = YES;
				CLANG_WARN_DIRECT_OBJC_ISA_USAGE = YES_ERROR;
				CLANG_WARN_DOCUMENTATION_COMMENTS = YES;
				CLANG_WARN_EMPTY_BODY = YES;
				CLANG_WARN_ENUM_CONVERSION = YES;
				CLANG_WARN_INFINITE_RECURSION = YES;
				CLANG_WARN_INT_CONVERSION = YES;
				CLANG_WARN_NON_LITERAL_NULL_CONVERSION = YES;
				CLANG_WARN_OBJC_LITERAL_CONVERSION = YES;
				CLANG_WARN_OBJC_ROOT_CLASS = YES_ERROR;
				CLANG_WARN_RANGE_LOOP_ANALYSIS = YES;
				CLANG_WARN_STRICT_PROTOTYPES = YES;
				CLANG_WARN_SUSPICIOUS_MOVE = YES;
				CLANG_WARN_UNGUARDED_AVAILABILITY = YES_AGGRESSIVE;
				CLANG_WARN_UNREACHABLE_CODE = YES;
				CLANG_WARN__DUPLICATE_METHOD_MATCH = YES;
				CODE_SIGN_IDENTITY = "iPhone Developer";
				COPY_PHASE_STRIP = NO;
				DEBUG_INFORMATION_FORMAT = "dwarf-with-dsym";
				ENABLE_NS_ASSERTIONS = NO;
				ENABLE_STRICT_OBJC_MSGSEND = YES;
				GCC_C_LANGUAGE_STANDARD = gnu11;
				GCC_NO_COMMON_BLOCKS = YES;
				GCC_WARN_64_TO_32_BIT_CONVERSION = YES;
				GCC_WARN_ABOUT_RETURN_TYPE = YES_ERROR;
				GCC_WARN_UNDECLARED_SELECTOR = YES;
				GCC_WARN_UNINITIALIZED_AUTOS = YES_AGGRESSIVE;
				GCC_WARN_UNUSED_FUNCTION = YES;
				GCC_WARN_UNUSED_VARIABLE = YES;
				IPHONEOS_DEPLOYMENT_TARGET = 11.2;
				MTL_ENABLE_DEBUG_INFO = NO;
				SDKROOT = iphoneos;
				SWIFT_OPTIMIZATION_LEVEL = "-Owholemodule";
				VALIDATE_PRODUCT = YES;
			};
			name = Release;
		};
		1CB9A0EB20A3715400A9B70C /* Debug */ = {
			isa = XCBuildConfiguration;
			buildSettings = {
				ASSETCATALOG_COMPILER_APPICON_NAME = AppIcon;
				CODE_SIGN_STYLE = Automatic;
				INFOPLIST_FILE = "Lab 7/Info.plist";
				LD_RUNPATH_SEARCH_PATHS = "$(inherited) @executable_path/Frameworks";
				PRODUCT_BUNDLE_IDENTIFIER = "com.example.Lab-7";
				PRODUCT_NAME = "$(TARGET_NAME)";
				SWIFT_VERSION = 4.0;
				TARGETED_DEVICE_FAMILY = "1,2";
			};
			name = Debug;
		};
		1CB9A0EC20A3715400A9B70C /* Release */ = {
			isa = XCBuildConfiguration;
			buildSettings = {
				ASSETCATALOG_COMPILER_APPICON_NAME = AppIcon;
				CODE_SIGN_STYLE = Automatic;
				INFOPLIST_FILE = "Lab 7/Info.plist";
				LD_RUNPATH_SEARCH_PATHS = "$(inherited) @executable_path/Frameworks";
				PRODUCT_BUNDLE_IDENTIFIER = "com.example.Lab-7";
				PRODUCT_NAME = "$(TARGET_NAME)";
				SWIFT_VERSION = 4.0;
				TARGETED_DEVICE_FAMILY = "1,2";
			};
			name = Release;
		};
		1CB9A0EE20A3715400A9B70C /* Debug */ = {
			isa = XCBuildConfiguration;
			buildSettings = {
				ALWAYS_EMBED_SWIFT_STANDARD_LIBRARIES = YES;
				BUNDLE_LOADER = "$(TEST_HOST)";
				CODE_SIGN_STYLE = Automatic;
				INFOPLIST_FILE = "Lab 7Tests/Info.plist";
				LD_RUNPATH_SEARCH_PATHS = "$(inherited) @executable_path/Frameworks @loader_path/Frameworks";
				PRODUCT_BUNDLE_IDENTIFIER = "com.example.Lab-7Tests";
				PRODUCT_NAME = "$(TARGET_NAME)";
				SWIFT_VERSION = 4.0;
				TARGETED_DEVICE_FAMILY = "1,2";
				TEST_HOST = "$(BUILT_PRODUCTS_DIR)/Lab 7.app/Lab 7";
			};
			name = Debug;
		};
		1CB9A0EF20A3715400A9B70C /* Release */ = {
			isa = XCBuildConfiguration;
			buildSettings = {
				ALWAYS_EMBED_SWIFT_STANDARD_LIBRARIES = YES;
				BUNDLE_LOADER = "$(TEST_HOST)";
				CODE_SIGN_STYLE = Automatic;
				INFOPLIST_FILE = "Lab 7Tests/Info.plist";
				LD_RUNPATH_SEARCH_PATHS = "$(inherited) @executable_path/Frameworks @loader_path/Frameworks";
				PRODUCT_BUNDLE_IDENTIFIER = "com.example.Lab-7Tests";
				PRODUCT_NAME = "$(TARGET_NAME)";
				SWIFT_VERSION = 4.0;
				TARGETED_DEVICE_FAMILY = "1,2";
				TEST_HOST = "$(BUILT_PRODUCTS_DIR)/Lab 7.app/Lab 7";
			};
			name = Release;
		};
		1CB9A0F120A3715400A9B70C /* Debug */ = {
			isa = XCBuildConfiguration;
			buildSettings = {
				ALWAYS_EMBED_SWIFT_STANDARD_LIBRARIES = YES;
				CODE_SIGN_STYLE = Automatic;
				INFOPLIST_FILE = "Lab 7UITests/Info.plist";
				LD_RUNPATH_SEARCH_PATHS = "$(inherited) @executable_path/Frameworks @loader_path/Frameworks";
				PRODUCT_BUNDLE_IDENTIFIER = "com.example.Lab-7UITests";
				PRODUCT_NAME = "$(TARGET_NAME)";
				SWIFT_VERSION = 4.0;
				TARGETED_DEVICE_FAMILY = "1,2";
				TEST_TARGET_NAME = "Lab 7";
			};
			name = Debug;
		};
		1CB9A0F220A3715400A9B70C /* Release */ = {
			isa = XCBuildConfiguration;
			buildSettings = {
				ALWAYS_EMBED_SWIFT_STANDARD_LIBRARIES = YES;
				CODE_SIGN_STYLE = Automatic;
				INFOPLIST_FILE = "Lab 7UITests/Info.plist";
				LD_RUNPATH_SEARCH_PATHS = "$(inherited) @executable_path/Frameworks @loader_path/Frameworks";
				PRODUCT_BUNDLE_IDENTIFIER = "com.example.Lab-7UITests";
				PRODUCT_NAME = "$(TARGET_NAME)";
				SWIFT_VERSION = 4.0;
				TARGETED_DEVICE_FAMILY = "1,2";
				TEST_TARGET_NAME = "Lab 7";
			};
			name = Release;
		};
/* End XCBuildConfiguration section */

/* Begin XCConfigurationList section */
		1CB9A0BD20A3715300A9B70C /* Build configuration list for PBXProject "Lab 7" */ = {
			isa = XCConfigurationList;
			buildConfigurations = (
				1CB9A0E820A3715400A9B70C /* Debug */,
				1CB9A0E920A3715400A9B70C /* Release */,
			);
			defaultConfigurationIsVisible = 0;
			defaultConfigurationName = Release;
		};
		1CB9A0EA20A3715400A9B70C /* Build configuration list for PBXNativeTarget "Lab 7" */ = {
			isa = XCConfigurationList;
			buildConfigurations = (
				1CB9A0EB20A3715400A9B70C /* Debug */,
				1CB9A0EC20A3715400A9B70C /* Release */,
			);
			defaultConfigurationIsVisible = 0;
			defaultConfigurationName = Release;
		};
		1CB9A0ED20A3715400A9B70C /* Build configuration list for PBXNativeTarget "Lab 7Tests" */ = {
			isa = XCConfigurationList;
			buildConfigurations = (
				1CB9A0EE20A3715400A9B70C /* Debug */,
				1CB9A0EF20A3715400A9B70C /* Release */,
			);
			defaultConfigurationIsVisible = 0;
			defaultConfigurationName = Release;
		};
		1CB9A0F020A3715400A9B70C /* Build configuration list for PBXNativeTarget "Lab 7UITests" */ = {
			isa = XCConfigurationList;
			buildConfigurations = (
				1CB9A0F120A3715400A9B70C /* Debug */,
				1CB9A0F220A3715400A9B70C /* Release */,
			);
			defaultConfigurationIsVisible = 0;
			defaultConfigurationName = Release;
		};
/* End XCConfigurationList section */
	};
	rootObject = 1CB9A0BA20A3715300A9B70C /* Project object */;
}
